{
  "requires": true,
  "lockfileVersion": 1,
  "dependencies": {
	"js-datepicker": {
	  "version": "3.2.1",
	  "resolved": "https://registry.npmjs.org/js-datepicker/-/js-datepicker-3.2.1.tgz",
	  "integrity": "sha512-YamQybDtPnj3TrDhq+PAKnSIX6/VSJ6yPtj0Kb/3lDaiAsDVLkqhddAMDUtXzqPZ7yniv6DUHzpPtROayG52gw=="
	}
  }
}
