{
  "requires": true,
  "lockfileVersion": 1,
  "dependencies": {
    "js-datepicker": {
      "version": "3.3.1",
      "resolved": "https://registry.npmjs.org/js-datepicker/-/js-datepicker-3.3.1.tgz",
      "integrity": "sha512-aWvlT4rGboz+vP/25gWam1nME5b0sqWvMzC4WTA+TqaWXy/oVggnsN0NfNwFjrugt1UcRJPRaeTtQU/d85SBTw=="
    }
  }
}
